
Microsoft Visual Studio Solution File, Format Version 12.00
# Visual Studio Version 17
VisualStudioVersion = 17.1.32421.90
MinimumVisualStudioVersion = 10.0.40219.1
Project("{FAE04EC0-301F-11D3-BF4B-00C04F79EFBC}") = "Gomoku", "Gomoku.csproj", "{26471C9C-76B3-4B25-9FC0-3394A62E3D57}"
EndProject
Global
	GlobalSection(SolutionConfigurationPlatforms) = preSolution
		Debug|Any CPU = Debug|Any CPU
		Release|Any CPU = Release|Any CPU
	EndGlobalSection
	GlobalSection(ProjectConfigurationPlatforms) = postSolution
		{26471C9C-76B3-4B25-9FC0-3394A62E3D57}.Debug|Any CPU.ActiveCfg = Debug|Any CPU
		{26471C9C-76B3-4B25-9FC0-3394A62E3D57}.Debug|Any CPU.Build.0 = Debug|Any CPU
		{26471C9C-76B3-4B25-9FC0-3394A62E3D57}.Release|Any CPU.ActiveCfg = Release|Any CPU
		{26471C9C-76B3-4B25-9FC0-3394A62E3D57}.Release|Any CPU.Build.0 = Release|Any CPU
	EndGlobalSection
	GlobalSection(SolutionProperties) = preSolution
		HideSolutionNode = FALSE
	EndGlobalSection
	GlobalSection(ExtensibilityGlobals) = postSolution
		SolutionGuid = {9611FA45-77CE-4AB2-B0A5-817B8DBFE386}
	EndGlobalSection
EndGlobal
